// !$*UTF8*$!
{
	archiveVersion = 1;
	classes = {
	};
	objectVersion = 46;
	objects = {

/* Begin PBXBuildFile section */
		500711351D94CFD5003B4289 /* LeftViewController.swift in Sources */ = {isa = PBXBuildFile; fileRef = 500711341D94CFD5003B4289 /* LeftViewController.swift */; };
		505641251D966BE100505EDE /* SplashViewController.swift in Sources */ = {isa = PBXBuildFile; fileRef = 505641241D966BE100505EDE /* SplashViewController.swift */; };
		505641291D96775300505EDE /* CategoryCell.swift in Sources */ = {isa = PBXBuildFile; fileRef = 505641271D96775300505EDE /* CategoryCell.swift */; };
		5056412A1D96775300505EDE /* CategoryCell.xib in Resources */ = {isa = PBXBuildFile; fileRef = 505641281D96775300505EDE /* CategoryCell.xib */; };
		5089FD391D92CA950080DFDD /* SF-UI-Display-Bold.otf in Resources */ = {isa = PBXBuildFile; fileRef = 5089FD331D92CA950080DFDD /* SF-UI-Display-Bold.otf */; };
		5089FD3A1D92CA950080DFDD /* SF-UI-Display-Light.otf in Resources */ = {isa = PBXBuildFile; fileRef = 5089FD341D92CA950080DFDD /* SF-UI-Display-Light.otf */; };
		5089FD3B1D92CA950080DFDD /* SF-UI-Display-Medium.otf in Resources */ = {isa = PBXBuildFile; fileRef = 5089FD351D92CA950080DFDD /* SF-UI-Display-Medium.otf */; };
		5089FD3C1D92CA950080DFDD /* SF-UI-Display-Regular.otf in Resources */ = {isa = PBXBuildFile; fileRef = 5089FD361D92CA950080DFDD /* SF-UI-Display-Regular.otf */; };
		5089FD3D1D92CA950080DFDD /* SF-UI-Display-Thin.otf in Resources */ = {isa = PBXBuildFile; fileRef = 5089FD371D92CA950080DFDD /* SF-UI-Display-Thin.otf */; };
		5089FD3E1D92CA950080DFDD /* SF-UI-Display-Ultralight.otf in Resources */ = {isa = PBXBuildFile; fileRef = 5089FD381D92CA950080DFDD /* SF-UI-Display-Ultralight.otf */; };
		5089FD401D92CF500080DFDD /* Utils.swift in Sources */ = {isa = PBXBuildFile; fileRef = 5089FD3F1D92CF500080DFDD /* Utils.swift */; };
		5089FD431D9389D80080DFDD /* categories.plist in Resources */ = {isa = PBXBuildFile; fileRef = 5089FD421D9389D80080DFDD /* categories.plist */; };
		5089FD451D93D4590080DFDD /* HomeViewController.swift in Sources */ = {isa = PBXBuildFile; fileRef = 5089FD441D93D4590080DFDD /* HomeViewController.swift */; };
		5089FD481D93E3990080DFDD /* PhotoCollectionViewCell.swift in Sources */ = {isa = PBXBuildFile; fileRef = 5089FD471D93E3990080DFDD /* PhotoCollectionViewCell.swift */; };
		50D5775F1D911A390017A7FF /* AppDelegate.swift in Sources */ = {isa = PBXBuildFile; fileRef = 50D5775E1D911A390017A7FF /* AppDelegate.swift */; };
		50D577611D911A390017A7FF /* LivePhotosViewController.swift in Sources */ = {isa = PBXBuildFile; fileRef = 50D577601D911A390017A7FF /* LivePhotosViewController.swift */; };
		50D577641D911A390017A7FF /* Main.storyboard in Resources */ = {isa = PBXBuildFile; fileRef = 50D577621D911A390017A7FF /* Main.storyboard */; };
		50D577661D911A390017A7FF /* Assets.xcassets in Resources */ = {isa = PBXBuildFile; fileRef = 50D577651D911A390017A7FF /* Assets.xcassets */; };
		50D577691D911A390017A7FF /* LaunchScreen.storyboard in Resources */ = {isa = PBXBuildFile; fileRef = 50D577671D911A390017A7FF /* LaunchScreen.storyboard */; };
		50D577721D911B680017A7FF /* data.json in Resources */ = {isa = PBXBuildFile; fileRef = 50D577711D911B680017A7FF /* data.json */; };
		50D577751D911EFD0017A7FF /* DownloadManager.swift in Sources */ = {isa = PBXBuildFile; fileRef = 50D577741D911EFD0017A7FF /* DownloadManager.swift */; };
		50D577781D912E7F0017A7FF /* Constants.swift in Sources */ = {isa = PBXBuildFile; fileRef = 50D577771D912E7F0017A7FF /* Constants.swift */; };
		50D5777B1D9131650017A7FF /* LivePhotoCustomView.swift in Sources */ = {isa = PBXBuildFile; fileRef = 50D5777A1D9131650017A7FF /* LivePhotoCustomView.swift */; };
		50D5777F1D91362C0017A7FF /* CategoryLive.swift in Sources */ = {isa = PBXBuildFile; fileRef = 50D5777D1D91362C0017A7FF /* CategoryLive.swift */; };
		50D577801D91362C0017A7FF /* LiveItem.swift in Sources */ = {isa = PBXBuildFile; fileRef = 50D5777E1D91362C0017A7FF /* LiveItem.swift */; };
		69525CADD0CEA0797ABDD09F /* Pods_Live_Wallpapers.framework in Frameworks */ = {isa = PBXBuildFile; fileRef = 0E5F7EB07752F9944CE09B21 /* Pods_Live_Wallpapers.framework */; };
/* End PBXBuildFile section */

/* Begin PBXFileReference section */
		0E5F7EB07752F9944CE09B21 /* Pods_Live_Wallpapers.framework */ = {isa = PBXFileReference; explicitFileType = wrapper.framework; includeInIndex = 0; path = Pods_Live_Wallpapers.framework; sourceTree = BUILT_PRODUCTS_DIR; };
		500711341D94CFD5003B4289 /* LeftViewController.swift */ = {isa = PBXFileReference; fileEncoding = 4; lastKnownFileType = sourcecode.swift; name = LeftViewController.swift; path = ViewControllers/LeftViewController.swift; sourceTree = "<group>"; };
		505641241D966BE100505EDE /* SplashViewController.swift */ = {isa = PBXFileReference; fileEncoding = 4; lastKnownFileType = sourcecode.swift; name = SplashViewController.swift; path = ViewControllers/SplashViewController.swift; sourceTree = "<group>"; };
		505641271D96775300505EDE /* CategoryCell.swift */ = {isa = PBXFileReference; fileEncoding = 4; lastKnownFileType = sourcecode.swift; name = CategoryCell.swift; path = Cells/CategoryCell.swift; sourceTree = "<group>"; };
		505641281D96775300505EDE /* CategoryCell.xib */ = {isa = PBXFileReference; fileEncoding = 4; lastKnownFileType = file.xib; name = CategoryCell.xib; path = Cells/CategoryCell.xib; sourceTree = "<group>"; };
		5089FD331D92CA950080DFDD /* SF-UI-Display-Bold.otf */ = {isa = PBXFileReference; lastKnownFileType = file; name = "SF-UI-Display-Bold.otf"; path = "Resources/Fonts/SF-UI-Display-Bold.otf"; sourceTree = "<group>"; };
		5089FD341D92CA950080DFDD /* SF-UI-Display-Light.otf */ = {isa = PBXFileReference; lastKnownFileType = file; name = "SF-UI-Display-Light.otf"; path = "Resources/Fonts/SF-UI-Display-Light.otf"; sourceTree = "<group>"; };
		5089FD351D92CA950080DFDD /* SF-UI-Display-Medium.otf */ = {isa = PBXFileReference; lastKnownFileType = file; name = "SF-UI-Display-Medium.otf"; path = "Resources/Fonts/SF-UI-Display-Medium.otf"; sourceTree = "<group>"; };
		5089FD361D92CA950080DFDD /* SF-UI-Display-Regular.otf */ = {isa = PBXFileReference; lastKnownFileType = file; name = "SF-UI-Display-Regular.otf"; path = "Resources/Fonts/SF-UI-Display-Regular.otf"; sourceTree = "<group>"; };
		5089FD371D92CA950080DFDD /* SF-UI-Display-Thin.otf */ = {isa = PBXFileReference; lastKnownFileType = file; name = "SF-UI-Display-Thin.otf"; path = "Resources/Fonts/SF-UI-Display-Thin.otf"; sourceTree = "<group>"; };
		5089FD381D92CA950080DFDD /* SF-UI-Display-Ultralight.otf */ = {isa = PBXFileReference; lastKnownFileType = file; name = "SF-UI-Display-Ultralight.otf"; path = "Resources/Fonts/SF-UI-Display-Ultralight.otf"; sourceTree = "<group>"; };
		5089FD3F1D92CF500080DFDD /* Utils.swift */ = {isa = PBXFileReference; fileEncoding = 4; lastKnownFileType = sourcecode.swift; name = Utils.swift; path = Common/Utils.swift; sourceTree = "<group>"; };
		5089FD421D9389D80080DFDD /* categories.plist */ = {isa = PBXFileReference; fileEncoding = 4; lastKnownFileType = text.plist.xml; name = categories.plist; path = Resources/categories.plist; sourceTree = "<group>"; };
		5089FD441D93D4590080DFDD /* HomeViewController.swift */ = {isa = PBXFileReference; fileEncoding = 4; lastKnownFileType = sourcecode.swift; name = HomeViewController.swift; path = ViewControllers/HomeViewController.swift; sourceTree = "<group>"; };
		5089FD471D93E3990080DFDD /* PhotoCollectionViewCell.swift */ = {isa = PBXFileReference; fileEncoding = 4; lastKnownFileType = sourcecode.swift; name = PhotoCollectionViewCell.swift; path = Views/PhotoCollectionViewCell.swift; sourceTree = "<group>"; };
		50D5775B1D911A390017A7FF /* Live Wallpapers.app */ = {isa = PBXFileReference; explicitFileType = wrapper.application; includeInIndex = 0; path = "Live Wallpapers.app"; sourceTree = BUILT_PRODUCTS_DIR; };
		50D5775E1D911A390017A7FF /* AppDelegate.swift */ = {isa = PBXFileReference; lastKnownFileType = sourcecode.swift; path = AppDelegate.swift; sourceTree = "<group>"; };
		50D577601D911A390017A7FF /* LivePhotosViewController.swift */ = {isa = PBXFileReference; lastKnownFileType = sourcecode.swift; path = LivePhotosViewController.swift; sourceTree = "<group>"; };
		50D577631D911A390017A7FF /* Base */ = {isa = PBXFileReference; lastKnownFileType = file.storyboard; name = Base; path = Base.lproj/Main.storyboard; sourceTree = "<group>"; };
		50D577651D911A390017A7FF /* Assets.xcassets */ = {isa = PBXFileReference; lastKnownFileType = folder.assetcatalog; path = Assets.xcassets; sourceTree = "<group>"; };
		50D577681D911A390017A7FF /* Base */ = {isa = PBXFileReference; lastKnownFileType = file.storyboard; name = Base; path = Base.lproj/LaunchScreen.storyboard; sourceTree = "<group>"; };
		50D5776A1D911A390017A7FF /* Info.plist */ = {isa = PBXFileReference; lastKnownFileType = text.plist.xml; path = Info.plist; sourceTree = "<group>"; };
		50D577711D911B680017A7FF /* data.json */ = {isa = PBXFileReference; fileEncoding = 4; lastKnownFileType = text.json; name = data.json; path = Resources/data.json; sourceTree = "<group>"; };
		50D577741D911EFD0017A7FF /* DownloadManager.swift */ = {isa = PBXFileReference; fileEncoding = 4; lastKnownFileType = sourcecode.swift; name = DownloadManager.swift; path = API/DownloadManager.swift; sourceTree = "<group>"; };
		50D577771D912E7F0017A7FF /* Constants.swift */ = {isa = PBXFileReference; fileEncoding = 4; lastKnownFileType = sourcecode.swift; name = Constants.swift; path = Common/Constants.swift; sourceTree = "<group>"; };
		50D5777A1D9131650017A7FF /* LivePhotoCustomView.swift */ = {isa = PBXFileReference; fileEncoding = 4; lastKnownFileType = sourcecode.swift; name = LivePhotoCustomView.swift; path = Views/LivePhotoCustomView.swift; sourceTree = "<group>"; };
		50D5777D1D91362C0017A7FF /* CategoryLive.swift */ = {isa = PBXFileReference; fileEncoding = 4; lastKnownFileType = sourcecode.swift; name = CategoryLive.swift; path = Model/CategoryLive.swift; sourceTree = "<group>"; };
		50D5777E1D91362C0017A7FF /* LiveItem.swift */ = {isa = PBXFileReference; fileEncoding = 4; lastKnownFileType = sourcecode.swift; name = LiveItem.swift; path = Model/LiveItem.swift; sourceTree = "<group>"; };
		5DEBD9E3C9622E92FE0B8413 /* Pods-Live Wallpapers.release.xcconfig */ = {isa = PBXFileReference; includeInIndex = 1; lastKnownFileType = text.xcconfig; name = "Pods-Live Wallpapers.release.xcconfig"; path = "Pods/Target Support Files/Pods-Live Wallpapers/Pods-Live Wallpapers.release.xcconfig"; sourceTree = "<group>"; };
		A2B7F8406FC39921D0B5D483 /* Pods-Live Wallpapers.debug.xcconfig */ = {isa = PBXFileReference; includeInIndex = 1; lastKnownFileType = text.xcconfig; name = "Pods-Live Wallpapers.debug.xcconfig"; path = "Pods/Target Support Files/Pods-Live Wallpapers/Pods-Live Wallpapers.debug.xcconfig"; sourceTree = "<group>"; };
/* End PBXFileReference section */

/* Begin PBXFrameworksBuildPhase section */
		50D577581D911A390017A7FF /* Frameworks */ = {
			isa = PBXFrameworksBuildPhase;
			buildActionMask = 2147483647;
			files = (
				69525CADD0CEA0797ABDD09F /* Pods_Live_Wallpapers.framework in Frameworks */,
			);
			runOnlyForDeploymentPostprocessing = 0;
		};
/* End PBXFrameworksBuildPhase section */

/* Begin PBXGroup section */
		1CDE8CB301E596E4CE02A07A /* Frameworks */ = {
			isa = PBXGroup;
			children = (
				0E5F7EB07752F9944CE09B21 /* Pods_Live_Wallpapers.framework */,
			);
			name = Frameworks;
			sourceTree = "<group>";
		};
		505641261D96772900505EDE /* Cells */ = {
			isa = PBXGroup;
			children = (
				505641271D96775300505EDE /* CategoryCell.swift */,
				505641281D96775300505EDE /* CategoryCell.xib */,
			);
			name = Cells;
			sourceTree = "<group>";
		};
		5089FD411D92E08D0080DFDD /* Fonts */ = {
			isa = PBXGroup;
			children = (
				5089FD331D92CA950080DFDD /* SF-UI-Display-Bold.otf */,
				5089FD341D92CA950080DFDD /* SF-UI-Display-Light.otf */,
				5089FD351D92CA950080DFDD /* SF-UI-Display-Medium.otf */,
				5089FD361D92CA950080DFDD /* SF-UI-Display-Regular.otf */,
				5089FD371D92CA950080DFDD /* SF-UI-Display-Thin.otf */,
				5089FD381D92CA950080DFDD /* SF-UI-Display-Ultralight.otf */,
			);
			name = Fonts;
			sourceTree = "<group>";
		};
		5089FD461D93D46B0080DFDD /* ViewControllers */ = {
			isa = PBXGroup;
			children = (
				5089FD441D93D4590080DFDD /* HomeViewController.swift */,
				50D577601D911A390017A7FF /* LivePhotosViewController.swift */,
				500711341D94CFD5003B4289 /* LeftViewController.swift */,
				505641241D966BE100505EDE /* SplashViewController.swift */,
			);
			name = ViewControllers;
			sourceTree = "<group>";
		};
		50D577521D911A390017A7FF = {
			isa = PBXGroup;
			children = (
				50D5775D1D911A390017A7FF /* Live Wallpapers */,
				50D5775C1D911A390017A7FF /* Products */,
				5B9063F80097B8C2AADD2F45 /* Pods */,
				1CDE8CB301E596E4CE02A07A /* Frameworks */,
			);
			sourceTree = "<group>";
		};
		50D5775C1D911A390017A7FF /* Products */ = {
			isa = PBXGroup;
			children = (
				50D5775B1D911A390017A7FF /* Live Wallpapers.app */,
			);
			name = Products;
			sourceTree = "<group>";
		};
		50D5775D1D911A390017A7FF /* Live Wallpapers */ = {
			isa = PBXGroup;
			children = (
				505641261D96772900505EDE /* Cells */,
				50D5777C1D9136210017A7FF /* Model */,
				50D577791D9131510017A7FF /* Views */,
				50D577761D912E660017A7FF /* Common */,
				50D577731D911EBF0017A7FF /* API */,
				50D577701D911B460017A7FF /* Resources */,
				5089FD461D93D46B0080DFDD /* ViewControllers */,
				50D5775E1D911A390017A7FF /* AppDelegate.swift */,
				50D577621D911A390017A7FF /* Main.storyboard */,
				50D577651D911A390017A7FF /* Assets.xcassets */,
				50D577671D911A390017A7FF /* LaunchScreen.storyboard */,
				50D5776A1D911A390017A7FF /* Info.plist */,
			);
			path = "Live Wallpapers";
			sourceTree = "<group>";
		};
		50D577701D911B460017A7FF /* Resources */ = {
			isa = PBXGroup;
			children = (
				5089FD411D92E08D0080DFDD /* Fonts */,
				50D577711D911B680017A7FF /* data.json */,
				5089FD421D9389D80080DFDD /* categories.plist */,
			);
			name = Resources;
			sourceTree = "<group>";
		};
		50D577731D911EBF0017A7FF /* API */ = {
			isa = PBXGroup;
			children = (
				50D577741D911EFD0017A7FF /* DownloadManager.swift */,
			);
			name = API;
			sourceTree = "<group>";
		};
		50D577761D912E660017A7FF /* Common */ = {
			isa = PBXGroup;
			children = (
				50D577771D912E7F0017A7FF /* Constants.swift */,
				5089FD3F1D92CF500080DFDD /* Utils.swift */,
			);
			name = Common;
			sourceTree = "<group>";
		};
		50D577791D9131510017A7FF /* Views */ = {
			isa = PBXGroup;
			children = (
				50D5777A1D9131650017A7FF /* LivePhotoCustomView.swift */,
				5089FD471D93E3990080DFDD /* PhotoCollectionViewCell.swift */,
			);
			name = Views;
			sourceTree = "<group>";
		};
		50D5777C1D9136210017A7FF /* Model */ = {
			isa = PBXGroup;
			children = (
				50D5777D1D91362C0017A7FF /* CategoryLive.swift */,
				50D5777E1D91362C0017A7FF /* LiveItem.swift */,
			);
			name = Model;
			sourceTree = "<group>";
		};
		5B9063F80097B8C2AADD2F45 /* Pods */ = {
			isa = PBXGroup;
			children = (
				A2B7F8406FC39921D0B5D483 /* Pods-Live Wallpapers.debug.xcconfig */,
				5DEBD9E3C9622E92FE0B8413 /* Pods-Live Wallpapers.release.xcconfig */,
			);
			name = Pods;
			sourceTree = "<group>";
		};
/* End PBXGroup section */

/* Begin PBXNativeTarget section */
		50D5775A1D911A390017A7FF /* Live Wallpapers */ = {
			isa = PBXNativeTarget;
			buildConfigurationList = 50D5776D1D911A390017A7FF /* Build configuration list for PBXNativeTarget "Live Wallpapers" */;
			buildPhases = (
				8C203A75A6E38624E0C8BA8B /* [CP] Check Pods Manifest.lock */,
				50D577571D911A390017A7FF /* Sources */,
				50D577581D911A390017A7FF /* Frameworks */,
				50D577591D911A390017A7FF /* Resources */,
				D16F1C3AEF62269115E21B1D /* [CP] Embed Pods Frameworks */,
				DC4062BD350E92FE5EBDB85B /* [CP] Copy Pods Resources */,
			);
			buildRules = (
			);
			dependencies = (
			);
			name = "Live Wallpapers";
			productName = "Live Wallpapers";
			productReference = 50D5775B1D911A390017A7FF /* Live Wallpapers.app */;
			productType = "com.apple.product-type.application";
		};
/* End PBXNativeTarget section */

/* Begin PBXProject section */
		50D577531D911A390017A7FF /* Project object */ = {
			isa = PBXProject;
			attributes = {
				LastSwiftUpdateCheck = 0800;
				LastUpgradeCheck = 0800;
				ORGANIZATIONNAME = "Nguyen Duc Phi";
				TargetAttributes = {
					50D5775A1D911A390017A7FF = {
						CreatedOnToolsVersion = 8.0;
						DevelopmentTeam = J8EBSP3JMS;
						ProvisioningStyle = Automatic;
					};
				};
			};
			buildConfigurationList = 50D577561D911A390017A7FF /* Build configuration list for PBXProject "Live Wallpapers" */;
			compatibilityVersion = "Xcode 3.2";
			developmentRegion = English;
			hasScannedForEncodings = 0;
			knownRegions = (
				en,
				Base,
			);
			mainGroup = 50D577521D911A390017A7FF;
			productRefGroup = 50D5775C1D911A390017A7FF /* Products */;
			projectDirPath = "";
			projectRoot = "";
			targets = (
				50D5775A1D911A390017A7FF /* Live Wallpapers */,
			);
		};
/* End PBXProject section */

/* Begin PBXResourcesBuildPhase section */
		50D577591D911A390017A7FF /* Resources */ = {
			isa = PBXResourcesBuildPhase;
			buildActionMask = 2147483647;
			files = (
				5089FD431D9389D80080DFDD /* categories.plist in Resources */,
				50D577691D911A390017A7FF /* LaunchScreen.storyboard in Resources */,
				5089FD391D92CA950080DFDD /* SF-UI-Display-Bold.otf in Resources */,
				5089FD3B1D92CA950080DFDD /* SF-UI-Display-Medium.otf in Resources */,
				5089FD3E1D92CA950080DFDD /* SF-UI-Display-Ultralight.otf in Resources */,
				5089FD3A1D92CA950080DFDD /* SF-UI-Display-Light.otf in Resources */,
				5089FD3D1D92CA950080DFDD /* SF-UI-Display-Thin.otf in Resources */,
				5056412A1D96775300505EDE /* CategoryCell.xib in Resources */,
				50D577661D911A390017A7FF /* Assets.xcassets in Resources */,
				50D577641D911A390017A7FF /* Main.storyboard in Resources */,
				5089FD3C1D92CA950080DFDD /* SF-UI-Display-Regular.otf in Resources */,
				50D577721D911B680017A7FF /* data.json in Resources */,
			);
			runOnlyForDeploymentPostprocessing = 0;
		};
/* End PBXResourcesBuildPhase section */

/* Begin PBXShellScriptBuildPhase section */
		8C203A75A6E38624E0C8BA8B /* [CP] Check Pods Manifest.lock */ = {
			isa = PBXShellScriptBuildPhase;
			buildActionMask = 2147483647;
			files = (
			);
			inputPaths = (
			);
			name = "[CP] Check Pods Manifest.lock";
			outputPaths = (
			);
			runOnlyForDeploymentPostprocessing = 0;
			shellPath = /bin/sh;
			shellScript = "diff \"${PODS_ROOT}/../Podfile.lock\" \"${PODS_ROOT}/Manifest.lock\" > /dev/null\nif [ $? != 0 ] ; then\n    # print error to STDERR\n    echo \"error: The sandbox is not in sync with the Podfile.lock. Run 'pod install' or update your CocoaPods installation.\" >&2\n    exit 1\nfi\n";
			showEnvVarsInLog = 0;
		};
		D16F1C3AEF62269115E21B1D /* [CP] Embed Pods Frameworks */ = {
			isa = PBXShellScriptBuildPhase;
			buildActionMask = 2147483647;
			files = (
			);
			inputPaths = (
			);
			name = "[CP] Embed Pods Frameworks";
			outputPaths = (
			);
			runOnlyForDeploymentPostprocessing = 0;
			shellPath = /bin/sh;
			shellScript = "\"${SRCROOT}/Pods/Target Support Files/Pods-Live Wallpapers/Pods-Live Wallpapers-frameworks.sh\"\n";
			showEnvVarsInLog = 0;
		};
		DC4062BD350E92FE5EBDB85B /* [CP] Copy Pods Resources */ = {
			isa = PBXShellScriptBuildPhase;
			buildActionMask = 2147483647;
			files = (
			);
			inputPaths = (
			);
			name = "[CP] Copy Pods Resources";
			outputPaths = (
			);
			runOnlyForDeploymentPostprocessing = 0;
			shellPath = /bin/sh;
			shellScript = "\"${SRCROOT}/Pods/Target Support Files/Pods-Live Wallpapers/Pods-Live Wallpapers-resources.sh\"\n";
			showEnvVarsInLog = 0;
		};
/* End PBXShellScriptBuildPhase section */

/* Begin PBXSourcesBuildPhase section */
		50D577571D911A390017A7FF /* Sources */ = {
			isa = PBXSourcesBuildPhase;
			buildActionMask = 2147483647;
			files = (
				505641291D96775300505EDE /* CategoryCell.swift in Sources */,
				50D577611D911A390017A7FF /* LivePhotosViewController.swift in Sources */,
				5089FD481D93E3990080DFDD /* PhotoCollectionViewCell.swift in Sources */,
				50D5777B1D9131650017A7FF /* LivePhotoCustomView.swift in Sources */,
				505641251D966BE100505EDE /* SplashViewController.swift in Sources */,
				50D577801D91362C0017A7FF /* LiveItem.swift in Sources */,
				50D577751D911EFD0017A7FF /* DownloadManager.swift in Sources */,
				500711351D94CFD5003B4289 /* LeftViewController.swift in Sources */,
				50D5775F1D911A390017A7FF /* AppDelegate.swift in Sources */,
				5089FD451D93D4590080DFDD /* HomeViewController.swift in Sources */,
				50D577781D912E7F0017A7FF /* Constants.swift in Sources */,
				50D5777F1D91362C0017A7FF /* CategoryLive.swift in Sources */,
				5089FD401D92CF500080DFDD /* Utils.swift in Sources */,
			);
			runOnlyForDeploymentPostprocessing = 0;
		};
/* End PBXSourcesBuildPhase section */

/* Begin PBXVariantGroup section */
		50D577621D911A390017A7FF /* Main.storyboard */ = {
			isa = PBXVariantGroup;
			children = (
				50D577631D911A390017A7FF /* Base */,
			);
			name = Main.storyboard;
			sourceTree = "<group>";
		};
		50D577671D911A390017A7FF /* LaunchScreen.storyboard */ = {
			isa = PBXVariantGroup;
			children = (
				50D577681D911A390017A7FF /* Base */,
			);
			name = LaunchScreen.storyboard;
			sourceTree = "<group>";
		};
/* End PBXVariantGroup section */

/* Begin XCBuildConfiguration section */
		50D5776B1D911A390017A7FF /* Debug */ = {
			isa = XCBuildConfiguration;
			buildSettings = {
				ALWAYS_SEARCH_USER_PATHS = NO;
				CLANG_ANALYZER_NONNULL = YES;
				CLANG_CXX_LANGUAGE_STANDARD = "gnu++0x";
				CLANG_CXX_LIBRARY = "libc++";
				CLANG_ENABLE_MODULES = YES;
				CLANG_ENABLE_OBJC_ARC = YES;
				CLANG_WARN_BOOL_CONVERSION = YES;
				CLANG_WARN_CONSTANT_CONVERSION = YES;
				CLANG_WARN_DIRECT_OBJC_ISA_USAGE = YES_ERROR;
				CLANG_WARN_DOCUMENTATION_COMMENTS = YES;
				CLANG_WARN_EMPTY_BODY = YES;
				CLANG_WARN_ENUM_CONVERSION = YES;
				CLANG_WARN_INFINITE_RECURSION = YES;
				CLANG_WARN_INT_CONVERSION = YES;
				CLANG_WARN_OBJC_ROOT_CLASS = YES_ERROR;
				CLANG_WARN_SUSPICIOUS_MOVE = YES;
				CLANG_WARN_SUSPICIOUS_MOVES = YES;
				CLANG_WARN_UNREACHABLE_CODE = YES;
				CLANG_WARN__DUPLICATE_METHOD_MATCH = YES;
				"CODE_SIGN_IDENTITY[sdk=iphoneos*]" = "iPhone Developer";
				COPY_PHASE_STRIP = NO;
				DEBUG_INFORMATION_FORMAT = dwarf;
				ENABLE_STRICT_OBJC_MSGSEND = YES;
				ENABLE_TESTABILITY = YES;
				GCC_C_LANGUAGE_STANDARD = gnu99;
				GCC_DYNAMIC_NO_PIC = NO;
				GCC_NO_COMMON_BLOCKS = YES;
				GCC_OPTIMIZATION_LEVEL = 0;
				GCC_PREPROCESSOR_DEFINITIONS = (
					"DEBUG=1",
					"$(inherited)",
				);
				GCC_WARN_64_TO_32_BIT_CONVERSION = YES;
				GCC_WARN_ABOUT_RETURN_TYPE = YES_ERROR;
				GCC_WARN_UNDECLARED_SELECTOR = YES;
				GCC_WARN_UNINITIALIZED_AUTOS = YES_AGGRESSIVE;
				GCC_WARN_UNUSED_FUNCTION = YES;
				GCC_WARN_UNUSED_VARIABLE = YES;
				IPHONEOS_DEPLOYMENT_TARGET = 9.1;
				MTL_ENABLE_DEBUG_INFO = YES;
				ONLY_ACTIVE_ARCH = YES;
				SDKROOT = iphoneos;
				SWIFT_ACTIVE_COMPILATION_CONDITIONS = DEBUG;
				SWIFT_OPTIMIZATION_LEVEL = "-Onone";
			};
			name = Debug;
		};
		50D5776C1D911A390017A7FF /* Release */ = {
			isa = XCBuildConfiguration;
			buildSettings = {
				ALWAYS_SEARCH_USER_PATHS = NO;
				CLANG_ANALYZER_NONNULL = YES;
				CLANG_CXX_LANGUAGE_STANDARD = "gnu++0x";
				CLANG_CXX_LIBRARY = "libc++";
				CLANG_ENABLE_MODULES = YES;
				CLANG_ENABLE_OBJC_ARC = YES;
				CLANG_WARN_BOOL_CONVERSION = YES;
				CLANG_WARN_CONSTANT_CONVERSION = YES;
				CLANG_WARN_DIRECT_OBJC_ISA_USAGE = YES_ERROR;
				CLANG_WARN_DOCUMENTATION_COMMENTS = YES;
				CLANG_WARN_EMPTY_BODY = YES;
				CLANG_WARN_ENUM_CONVERSION = YES;
				CLANG_WARN_INFINITE_RECURSION = YES;
				CLANG_WARN_INT_CONVERSION = YES;
				CLANG_WARN_OBJC_ROOT_CLASS = YES_ERROR;
				CLANG_WARN_SUSPICIOUS_MOVE = YES;
				CLANG_WARN_SUSPICIOUS_MOVES = YES;
				CLANG_WARN_UNREACHABLE_CODE = YES;
				CLANG_WARN__DUPLICATE_METHOD_MATCH = YES;
				"CODE_SIGN_IDENTITY[sdk=iphoneos*]" = "iPhone Developer";
				COPY_PHASE_STRIP = NO;
				DEBUG_INFORMATION_FORMAT = "dwarf-with-dsym";
				ENABLE_NS_ASSERTIONS = NO;
				ENABLE_STRICT_OBJC_MSGSEND = YES;
				GCC_C_LANGUAGE_STANDARD = gnu99;
				GCC_NO_COMMON_BLOCKS = YES;
				GCC_WARN_64_TO_32_BIT_CONVERSION = YES;
				GCC_WARN_ABOUT_RETURN_TYPE = YES_ERROR;
				GCC_WARN_UNDECLARED_SELECTOR = YES;
				GCC_WARN_UNINITIALIZED_AUTOS = YES_AGGRESSIVE;
				GCC_WARN_UNUSED_FUNCTION = YES;
				GCC_WARN_UNUSED_VARIABLE = YES;
				IPHONEOS_DEPLOYMENT_TARGET = 9.1;
				MTL_ENABLE_DEBUG_INFO = NO;
				SDKROOT = iphoneos;
				SWIFT_OPTIMIZATION_LEVEL = "-Owholemodule";
				VALIDATE_PRODUCT = YES;
			};
			name = Release;
		};
		50D5776E1D911A390017A7FF /* Debug */ = {
			isa = XCBuildConfiguration;
			baseConfigurationReference = A2B7F8406FC39921D0B5D483 /* Pods-Live Wallpapers.debug.xcconfig */;
			buildSettings = {
				ALWAYS_EMBED_SWIFT_STANDARD_LIBRARIES = "$(inherited)";
				ASSETCATALOG_COMPILER_APPICON_NAME = AppIcon;
				DEVELOPMENT_TEAM = J8EBSP3JMS;
				INFOPLIST_FILE = "Live Wallpapers/Info.plist";
				IPHONEOS_DEPLOYMENT_TARGET = 9.1;
				LD_RUNPATH_SEARCH_PATHS = "$(inherited) @executable_path/Frameworks";
				PRODUCT_BUNDLE_IDENTIFIER = "com.bstarsolustions.phinguyen.liveWallpaper.Live-Wallpapers";
				PRODUCT_NAME = "$(TARGET_NAME)";
				SWIFT_VERSION = 3.0;
			};
			name = Debug;
		};
		50D5776F1D911A390017A7FF /* Release */ = {
			isa = XCBuildConfiguration;
			baseConfigurationReference = 5DEBD9E3C9622E92FE0B8413 /* Pods-Live Wallpapers.release.xcconfig */;
			buildSettings = {
				ALWAYS_EMBED_SWIFT_STANDARD_LIBRARIES = "$(inherited)";
				ASSETCATALOG_COMPILER_APPICON_NAME = AppIcon;
				DEVELOPMENT_TEAM = J8EBSP3JMS;
				INFOPLIST_FILE = "Live Wallpapers/Info.plist";
				IPHONEOS_DEPLOYMENT_TARGET = 9.1;
				LD_RUNPATH_SEARCH_PATHS = "$(inherited) @executable_path/Frameworks";
				PRODUCT_BUNDLE_IDENTIFIER = "com.bstarsolustions.phinguyen.liveWallpaper.Live-Wallpapers";
				PRODUCT_NAME = "$(TARGET_NAME)";
				SWIFT_VERSION = 3.0;
			};
			name = Release;
		};
/* End XCBuildConfiguration section */

/* Begin XCConfigurationList section */
		50D577561D911A390017A7FF /* Build configuration list for PBXProject "Live Wallpapers" */ = {
			isa = XCConfigurationList;
			buildConfigurations = (
				50D5776B1D911A390017A7FF /* Debug */,
				50D5776C1D911A390017A7FF /* Release */,
			);
			defaultConfigurationIsVisible = 0;
			defaultConfigurationName = Release;
		};
		50D5776D1D911A390017A7FF /* Build configuration list for PBXNativeTarget "Live Wallpapers" */ = {
			isa = XCConfigurationList;
			buildConfigurations = (
				50D5776E1D911A390017A7FF /* Debug */,
				50D5776F1D911A390017A7FF /* Release */,
			);
			defaultConfigurationIsVisible = 0;
			defaultConfigurationName = Release;
		};
/* End XCConfigurationList section */
	};
	rootObject = 50D577531D911A390017A7FF /* Project object */;
}
