// !$*UTF8*$!
{
	archiveVersion = 1;
	classes = {
	};
	objectVersion = 46;
	objects = {

/* Begin PBXFileReference section */
		50194A281F03A483006BCF64 /* live_backup.json */ = {isa = PBXFileReference; fileEncoding = 4; lastKnownFileType = text.json; path = live_backup.json; sourceTree = "<group>"; };
		506A2BE21EC318C30026EAD1 /* new_draw.txt */ = {isa = PBXFileReference; fileEncoding = 4; lastKnownFileType = text; path = new_draw.txt; sourceTree = "<group>"; };
		506A2BE31EC406D50026EAD1 /* draw.txt */ = {isa = PBXFileReference; fileEncoding = 4; lastKnownFileType = text; path = draw.txt; sourceTree = "<group>"; };
		B2376E8B1D534713006D24D5 /* UnzipFile.py */ = {isa = PBXFileReference; fileEncoding = 4; lastKnownFileType = text.script.python; path = UnzipFile.py; sourceTree = "<group>"; };
		B2FBDB451D41CFF7009858DA /* DownloadJson.py */ = {isa = PBXFileReference; fileEncoding = 4; lastKnownFileType = text.script.python; path = DownloadJson.py; sourceTree = "<group>"; };
		B2FBDB471D41D1CE009858DA /* live-photo2.json */ = {isa = PBXFileReference; lastKnownFileType = text.json; path = "live-photo2.json"; sourceTree = "<group>"; };
		B2FBDB481D4324E9009858DA /* live-photo1.json */ = {isa = PBXFileReference; fileEncoding = 4; lastKnownFileType = text.json; path = "live-photo1.json"; sourceTree = "<group>"; };
		B2FBDB491D43C8E8009858DA /* data.json */ = {isa = PBXFileReference; fileEncoding = 4; lastKnownFileType = text.json; path = data.json; sourceTree = "<group>"; };
/* End PBXFileReference section */

/* Begin PBXGroup section */
		B2FBDB3A1D41CF6A009858DA = {
			isa = PBXGroup;
			children = (
				B2FBDB461D41D1CE009858DA /* json */,
				B2FBDB451D41CFF7009858DA /* DownloadJson.py */,
				B2376E8B1D534713006D24D5 /* UnzipFile.py */,
			);
			sourceTree = "<group>";
		};
		B2FBDB461D41D1CE009858DA /* json */ = {
			isa = PBXGroup;
			children = (
				B2FBDB491D43C8E8009858DA /* data.json */,
				50194A281F03A483006BCF64 /* live_backup.json */,
				B2FBDB481D4324E9009858DA /* live-photo1.json */,
				506A2BE21EC318C30026EAD1 /* new_draw.txt */,
				506A2BE31EC406D50026EAD1 /* draw.txt */,
				B2FBDB471D41D1CE009858DA /* live-photo2.json */,
			);
			path = json;
			sourceTree = "<group>";
		};
/* End PBXGroup section */

/* Begin PBXLegacyTarget section */
		B2FBDB3F1D41CF6A009858DA /* DownloadData */ = {
			isa = PBXLegacyTarget;
			buildArgumentsString = "$(ACTION)";
			buildConfigurationList = B2FBDB421D41CF6A009858DA /* Build configuration list for PBXLegacyTarget "DownloadData" */;
			buildPhases = (
			);
			buildToolPath = /usr/bin/python;
			buildWorkingDirectory = "";
			dependencies = (
			);
			name = DownloadData;
			passBuildSettingsInEnvironment = 1;
			productName = DownloadData;
		};
/* End PBXLegacyTarget section */

/* Begin PBXProject section */
		B2FBDB3B1D41CF6A009858DA /* Project object */ = {
			isa = PBXProject;
			attributes = {
				LastUpgradeCheck = 0730;
				ORGANIZATIONNAME = "Terralogic INC";
				TargetAttributes = {
					B2FBDB3F1D41CF6A009858DA = {
						CreatedOnToolsVersion = 7.3.1;
					};
				};
			};
			buildConfigurationList = B2FBDB3E1D41CF6A009858DA /* Build configuration list for PBXProject "DownloadData" */;
			compatibilityVersion = "Xcode 3.2";
			developmentRegion = English;
			hasScannedForEncodings = 0;
			knownRegions = (
				en,
			);
			mainGroup = B2FBDB3A1D41CF6A009858DA;
			projectDirPath = "";
			projectRoot = "";
			targets = (
				B2FBDB3F1D41CF6A009858DA /* DownloadData */,
			);
		};
/* End PBXProject section */

/* Begin XCBuildConfiguration section */
		B2FBDB401D41CF6A009858DA /* Debug */ = {
			isa = XCBuildConfiguration;
			buildSettings = {
				ALWAYS_SEARCH_USER_PATHS = NO;
				CLANG_ANALYZER_NONNULL = YES;
				CLANG_CXX_LANGUAGE_STANDARD = "gnu++0x";
				CLANG_CXX_LIBRARY = "libc++";
				CLANG_ENABLE_MODULES = YES;
				CLANG_ENABLE_OBJC_ARC = YES;
				CLANG_WARN_BOOL_CONVERSION = YES;
				CLANG_WARN_CONSTANT_CONVERSION = YES;
				CLANG_WARN_DIRECT_OBJC_ISA_USAGE = YES_ERROR;
				CLANG_WARN_EMPTY_BODY = YES;
				CLANG_WARN_ENUM_CONVERSION = YES;
				CLANG_WARN_INT_CONVERSION = YES;
				CLANG_WARN_OBJC_ROOT_CLASS = YES_ERROR;
				CLANG_WARN_UNREACHABLE_CODE = YES;
				CLANG_WARN__DUPLICATE_METHOD_MATCH = YES;
				COPY_PHASE_STRIP = NO;
				DEBUG_INFORMATION_FORMAT = dwarf;
				ENABLE_STRICT_OBJC_MSGSEND = YES;
				ENABLE_TESTABILITY = YES;
				GCC_C_LANGUAGE_STANDARD = gnu99;
				GCC_DYNAMIC_NO_PIC = NO;
				GCC_NO_COMMON_BLOCKS = YES;
				GCC_OPTIMIZATION_LEVEL = 0;
				GCC_PREPROCESSOR_DEFINITIONS = (
					"DEBUG=1",
					"$(inherited)",
				);
				GCC_WARN_64_TO_32_BIT_CONVERSION = YES;
				GCC_WARN_ABOUT_RETURN_TYPE = YES_ERROR;
				GCC_WARN_UNDECLARED_SELECTOR = YES;
				GCC_WARN_UNINITIALIZED_AUTOS = YES_AGGRESSIVE;
				GCC_WARN_UNUSED_FUNCTION = YES;
				GCC_WARN_UNUSED_VARIABLE = YES;
				MTL_ENABLE_DEBUG_INFO = YES;
				ONLY_ACTIVE_ARCH = YES;
			};
			name = Debug;
		};
		B2FBDB411D41CF6A009858DA /* Release */ = {
			isa = XCBuildConfiguration;
			buildSettings = {
				ALWAYS_SEARCH_USER_PATHS = NO;
				CLANG_ANALYZER_NONNULL = YES;
				CLANG_CXX_LANGUAGE_STANDARD = "gnu++0x";
				CLANG_CXX_LIBRARY = "libc++";
				CLANG_ENABLE_MODULES = YES;
				CLANG_ENABLE_OBJC_ARC = YES;
				CLANG_WARN_BOOL_CONVERSION = YES;
				CLANG_WARN_CONSTANT_CONVERSION = YES;
				CLANG_WARN_DIRECT_OBJC_ISA_USAGE = YES_ERROR;
				CLANG_WARN_EMPTY_BODY = YES;
				CLANG_WARN_ENUM_CONVERSION = YES;
				CLANG_WARN_INT_CONVERSION = YES;
				CLANG_WARN_OBJC_ROOT_CLASS = YES_ERROR;
				CLANG_WARN_UNREACHABLE_CODE = YES;
				CLANG_WARN__DUPLICATE_METHOD_MATCH = YES;
				COPY_PHASE_STRIP = NO;
				DEBUG_INFORMATION_FORMAT = "dwarf-with-dsym";
				ENABLE_NS_ASSERTIONS = NO;
				ENABLE_STRICT_OBJC_MSGSEND = YES;
				GCC_C_LANGUAGE_STANDARD = gnu99;
				GCC_NO_COMMON_BLOCKS = YES;
				GCC_WARN_64_TO_32_BIT_CONVERSION = YES;
				GCC_WARN_ABOUT_RETURN_TYPE = YES_ERROR;
				GCC_WARN_UNDECLARED_SELECTOR = YES;
				GCC_WARN_UNINITIALIZED_AUTOS = YES_AGGRESSIVE;
				GCC_WARN_UNUSED_FUNCTION = YES;
				GCC_WARN_UNUSED_VARIABLE = YES;
				MTL_ENABLE_DEBUG_INFO = NO;
			};
			name = Release;
		};
		B2FBDB431D41CF6A009858DA /* Debug */ = {
			isa = XCBuildConfiguration;
			buildSettings = {
				DEBUGGING_SYMBOLS = YES;
				DEBUG_INFORMATION_FORMAT = dwarf;
				GCC_GENERATE_DEBUGGING_SYMBOLS = YES;
				GCC_OPTIMIZATION_LEVEL = 0;
				OTHER_CFLAGS = "";
				OTHER_LDFLAGS = "";
				PRODUCT_NAME = "$(TARGET_NAME)";
			};
			name = Debug;
		};
		B2FBDB441D41CF6A009858DA /* Release */ = {
			isa = XCBuildConfiguration;
			buildSettings = {
				DEBUG_INFORMATION_FORMAT = "dwarf-with-dsym";
				OTHER_CFLAGS = "";
				OTHER_LDFLAGS = "";
				PRODUCT_NAME = "$(TARGET_NAME)";
			};
			name = Release;
		};
/* End XCBuildConfiguration section */

/* Begin XCConfigurationList section */
		B2FBDB3E1D41CF6A009858DA /* Build configuration list for PBXProject "DownloadData" */ = {
			isa = XCConfigurationList;
			buildConfigurations = (
				B2FBDB401D41CF6A009858DA /* Debug */,
				B2FBDB411D41CF6A009858DA /* Release */,
			);
			defaultConfigurationIsVisible = 0;
			defaultConfigurationName = Release;
		};
		B2FBDB421D41CF6A009858DA /* Build configuration list for PBXLegacyTarget "DownloadData" */ = {
			isa = XCConfigurationList;
			buildConfigurations = (
				B2FBDB431D41CF6A009858DA /* Debug */,
				B2FBDB441D41CF6A009858DA /* Release */,
			);
			defaultConfigurationIsVisible = 0;
			defaultConfigurationName = Release;
		};
/* End XCConfigurationList section */
	};
	rootObject = B2FBDB3B1D41CF6A009858DA /* Project object */;
}
